# This file is automatically @generated by Cargo.
# It is not intended for manual editing.
version = 4

[[package]]
name = "eden-skills-cli"
version = "0.1.0"
dependencies = [
 "eden-skills-core",
]

[[package]]
name = "eden-skills-core"
version = "0.1.0"

[[package]]
name = "eden-skills-indexer"
version = "0.1.0"
